
Microsoft Visual Studio Solution File, Format Version 12.00
# Visual Studio Version 17
VisualStudioVersion = 17.11.35303.130
MinimumVisualStudioVersion = 10.0.40219.1
Project("{9A19103F-16F7-4668-BE54-9A1E7A4F7556}") = "ToDoTracker", "ToDoTracker\ToDoTracker.csproj", "{6F1290E5-2554-452A-BDE1-F0CB13840FAA}"
EndProject
Project("{2150E333-8FDC-42A3-9474-1A3956D46DE8}") = "Elementy rozwiązania", "Elementy rozwiązania", "{99AFDDF4-91EA-4A8A-AC9B-8FC382EAC807}"
EndProject
Global
	GlobalSection(SolutionConfigurationPlatforms) = preSolution
		Debug|Any CPU = Debug|Any CPU
		Release|Any CPU = Release|Any CPU
	EndGlobalSection
	GlobalSection(ProjectConfigurationPlatforms) = postSolution
		{6F1290E5-2554-452A-BDE1-F0CB13840FAA}.Debug|Any CPU.ActiveCfg = Debug|Any CPU
		{6F1290E5-2554-452A-BDE1-F0CB13840FAA}.Debug|Any CPU.Build.0 = Debug|Any CPU
		{6F1290E5-2554-452A-BDE1-F0CB13840FAA}.Release|Any CPU.ActiveCfg = Release|Any CPU
		{6F1290E5-2554-452A-BDE1-F0CB13840FAA}.Release|Any CPU.Build.0 = Release|Any CPU
	EndGlobalSection
	GlobalSection(SolutionProperties) = preSolution
		HideSolutionNode = FALSE
	EndGlobalSection
	GlobalSection(ExtensibilityGlobals) = postSolution
		SolutionGuid = {C41D78F6-DA6B-4875-AD93-B531365C199D}
	EndGlobalSection
EndGlobal
