
Microsoft Visual Studio Solution File, Format Version 12.00
# Visual Studio Version 17
VisualStudioVersion = 17.11.35303.130
MinimumVisualStudioVersion = 10.0.40219.1
Project("{FAE04EC0-301F-11D3-BF4B-00C04F79EFBC}") = "ToDoTracker", "ToDoTracker\ToDoTracker.csproj", "{12E13265-DA09-4DBC-A72E-312679240042}"
EndProject
Global
	GlobalSection(SolutionConfigurationPlatforms) = preSolution
		Debug|Any CPU = Debug|Any CPU
		Release|Any CPU = Release|Any CPU
	EndGlobalSection
	GlobalSection(ProjectConfigurationPlatforms) = postSolution
		{12E13265-DA09-4DBC-A72E-312679240042}.Debug|Any CPU.ActiveCfg = Debug|Any CPU
		{12E13265-DA09-4DBC-A72E-312679240042}.Debug|Any CPU.Build.0 = Debug|Any CPU
		{12E13265-DA09-4DBC-A72E-312679240042}.Release|Any CPU.ActiveCfg = Release|Any CPU
		{12E13265-DA09-4DBC-A72E-312679240042}.Release|Any CPU.Build.0 = Release|Any CPU
	EndGlobalSection
	GlobalSection(SolutionProperties) = preSolution
		HideSolutionNode = FALSE
	EndGlobalSection
	GlobalSection(ExtensibilityGlobals) = postSolution
		SolutionGuid = {358D714F-9DA6-464A-91FC-C488E7B84165}
	EndGlobalSection
EndGlobal
